{
  "version": 4,
  "terraform_version": "1.0.8",
  "serial": 10,
  "lineage": "0a5aa00f-c023-22ee-cae0-c53f29c5711e",
  "outputs": {},
  "resources": [
    {
      "mode": "data",
      "type": "digitalocean_ssh_key",
      "name": "paiwin-dn",
      "provider": "provider[\"registry.terraform.io/digitalocean/digitalocean\"]",
      "instances": [
        {
          "schema_version": 0,
          "attributes": {
            "fingerprint": "73:54:49:bb:74:46:4f:22:00:5c:9d:dc:2d:dd:b1:55",
            "id": 31460516,
            "name": "paiwin-dn",
            "public_key": "ssh-ed25519 AAAAC3NzaC1lZDI1NTE5AAAAIOcyWaz2cDBUNDjEdGM1MtP39GAf4itJVryzCb+PJ6GO paiwin-dn"
          },
          "sensitive_attributes": []
        }
      ]
    },
    {
      "mode": "managed",
      "type": "digitalocean_droplet",
      "name": "test-vm1",
      "provider": "provider[\"registry.terraform.io/digitalocean/digitalocean\"]",
      "instances": [
        {
          "status": "tainted",
          "schema_version": 1,
          "attributes": {
            "backups": false,
            "created_at": "2021-10-03T21:20:54Z",
            "disk": 25,
            "droplet_agent": null,
            "id": "267664160",
            "image": "ubuntu-20-04-x64",
            "ipv4_address": "159.89.96.90",
            "ipv4_address_private": "10.114.0.3",
            "ipv6": false,
            "ipv6_address": "",
            "locked": false,
            "memory": 1024,
            "monitoring": false,
            "name": "test-vm1",
            "price_hourly": 0.00744,
            "price_monthly": 5,
            "private_networking": true,
            "region": "fra1",
            "resize_disk": true,
            "size": "s-1vcpu-1gb",
            "ssh_keys": [
              "31460516"
            ],
            "status": "active",
            "tags": null,
            "urn": "do:droplet:267664160",
            "user_data": null,
            "vcpus": 1,
            "volume_ids": [],
            "vpc_uuid": "b9550495-023b-4962-b643-0623b702b942"
          },
          "sensitive_attributes": [],
          "private": "eyJzY2hlbWFfdmVyc2lvbiI6IjEifQ==",
          "dependencies": [
            "data.digitalocean_ssh_key.paiwin-dn"
          ]
        }
      ]
    }
  ]
}
